// !$*UTF8*$!
{
	archiveVersion = 1;
	classes = {
	};
	objectVersion = 46;
	objects = {

/* Begin PBXBuildFile section */
		FA56BC601DFAF9B600294C20 /* AppDelegate.swift in Sources */ = {isa = PBXBuildFile; fileRef = FA56BC5F1DFAF9B600294C20 /* AppDelegate.swift */; };
		FA56BC621DFAF9B600294C20 /* ViewController.swift in Sources */ = {isa = PBXBuildFile; fileRef = FA56BC611DFAF9B600294C20 /* ViewController.swift */; };
		FA56BC651DFAF9B600294C20 /* Main.storyboard in Resources */ = {isa = PBXBuildFile; fileRef = FA56BC631DFAF9B600294C20 /* Main.storyboard */; };
		FA56BC671DFAF9B600294C20 /* Assets.xcassets in Resources */ = {isa = PBXBuildFile; fileRef = FA56BC661DFAF9B600294C20 /* Assets.xcassets */; };
		FA56BC6A1DFAF9B600294C20 /* LaunchScreen.storyboard in Resources */ = {isa = PBXBuildFile; fileRef = FA56BC681DFAF9B600294C20 /* LaunchScreen.storyboard */; };
		FA56BC721DFAFB3D00294C20 /* UIImage+SolidColor.swift in Sources */ = {isa = PBXBuildFile; fileRef = FA56BC711DFAFB3D00294C20 /* UIImage+SolidColor.swift */; };
		FA56BC741DFAFB8F00294C20 /* ScratchCardImageView.swift in Sources */ = {isa = PBXBuildFile; fileRef = FA56BC731DFAFB8F00294C20 /* ScratchCardImageView.swift */; };
		FA64C3381DFB260F000B4A30 /* ScratchCardTouchContainer.swift in Sources */ = {isa = PBXBuildFile; fileRef = FA64C3371DFB260F000B4A30 /* ScratchCardTouchContainer.swift */; };
		FA64C33B1DFB2735000B4A30 /* ViewController0.swift in Sources */ = {isa = PBXBuildFile; fileRef = FA64C33A1DFB2735000B4A30 /* ViewController0.swift */; };
/* End PBXBuildFile section */

/* Begin PBXFileReference section */
		FA56BC5C1DFAF9B600294C20 /* ScratchCardImageView.app */ = {isa = PBXFileReference; explicitFileType = wrapper.application; includeInIndex = 0; path = ScratchCardImageView.app; sourceTree = BUILT_PRODUCTS_DIR; };
		FA56BC5F1DFAF9B600294C20 /* AppDelegate.swift */ = {isa = PBXFileReference; lastKnownFileType = sourcecode.swift; path = AppDelegate.swift; sourceTree = "<group>"; };
		FA56BC611DFAF9B600294C20 /* ViewController.swift */ = {isa = PBXFileReference; lastKnownFileType = sourcecode.swift; path = ViewController.swift; sourceTree = "<group>"; };
		FA56BC641DFAF9B600294C20 /* Base */ = {isa = PBXFileReference; lastKnownFileType = file.storyboard; name = Base; path = Base.lproj/Main.storyboard; sourceTree = "<group>"; };
		FA56BC661DFAF9B600294C20 /* Assets.xcassets */ = {isa = PBXFileReference; lastKnownFileType = folder.assetcatalog; path = Assets.xcassets; sourceTree = "<group>"; };
		FA56BC691DFAF9B600294C20 /* Base */ = {isa = PBXFileReference; lastKnownFileType = file.storyboard; name = Base; path = Base.lproj/LaunchScreen.storyboard; sourceTree = "<group>"; };
		FA56BC6B1DFAF9B600294C20 /* Info.plist */ = {isa = PBXFileReference; lastKnownFileType = text.plist.xml; path = Info.plist; sourceTree = "<group>"; };
		FA56BC711DFAFB3D00294C20 /* UIImage+SolidColor.swift */ = {isa = PBXFileReference; fileEncoding = 4; lastKnownFileType = sourcecode.swift; path = "UIImage+SolidColor.swift"; sourceTree = "<group>"; };
		FA56BC731DFAFB8F00294C20 /* ScratchCardImageView.swift */ = {isa = PBXFileReference; fileEncoding = 4; lastKnownFileType = sourcecode.swift; path = ScratchCardImageView.swift; sourceTree = "<group>"; };
		FA64C3371DFB260F000B4A30 /* ScratchCardTouchContainer.swift */ = {isa = PBXFileReference; fileEncoding = 4; lastKnownFileType = sourcecode.swift; path = ScratchCardTouchContainer.swift; sourceTree = "<group>"; };
		FA64C33A1DFB2735000B4A30 /* ViewController0.swift */ = {isa = PBXFileReference; fileEncoding = 4; lastKnownFileType = sourcecode.swift; path = ViewController0.swift; sourceTree = "<group>"; };
/* End PBXFileReference section */

/* Begin PBXFrameworksBuildPhase section */
		FA56BC591DFAF9B600294C20 /* Frameworks */ = {
			isa = PBXFrameworksBuildPhase;
			buildActionMask = 2147483647;
			files = (
			);
			runOnlyForDeploymentPostprocessing = 0;
		};
/* End PBXFrameworksBuildPhase section */

/* Begin PBXGroup section */
		FA56BC531DFAF9B600294C20 = {
			isa = PBXGroup;
			children = (
				FA56BC5E1DFAF9B600294C20 /* ScratchCardImageView */,
				FA56BC5D1DFAF9B600294C20 /* Products */,
			);
			sourceTree = "<group>";
		};
		FA56BC5D1DFAF9B600294C20 /* Products */ = {
			isa = PBXGroup;
			children = (
				FA56BC5C1DFAF9B600294C20 /* ScratchCardImageView.app */,
			);
			name = Products;
			sourceTree = "<group>";
		};
		FA56BC5E1DFAF9B600294C20 /* ScratchCardImageView */ = {
			isa = PBXGroup;
			children = (
				FA64C3391DFB2617000B4A30 /* Helpers */,
				FA56BC731DFAFB8F00294C20 /* ScratchCardImageView.swift */,
				FA64C3371DFB260F000B4A30 /* ScratchCardTouchContainer.swift */,
				FA56BC5F1DFAF9B600294C20 /* AppDelegate.swift */,
				FA64C33A1DFB2735000B4A30 /* ViewController0.swift */,
				FA56BC611DFAF9B600294C20 /* ViewController.swift */,
				FA56BC631DFAF9B600294C20 /* Main.storyboard */,
				FA56BC661DFAF9B600294C20 /* Assets.xcassets */,
				FA56BC681DFAF9B600294C20 /* LaunchScreen.storyboard */,
				FA56BC6B1DFAF9B600294C20 /* Info.plist */,
			);
			path = ScratchCardImageView;
			sourceTree = "<group>";
		};
		FA64C3391DFB2617000B4A30 /* Helpers */ = {
			isa = PBXGroup;
			children = (
				FA56BC711DFAFB3D00294C20 /* UIImage+SolidColor.swift */,
			);
			name = Helpers;
			sourceTree = "<group>";
		};
/* End PBXGroup section */

/* Begin PBXNativeTarget section */
		FA56BC5B1DFAF9B600294C20 /* ScratchCardImageView */ = {
			isa = PBXNativeTarget;
			buildConfigurationList = FA56BC6E1DFAF9B600294C20 /* Build configuration list for PBXNativeTarget "ScratchCardImageView" */;
			buildPhases = (
				FA56BC581DFAF9B600294C20 /* Sources */,
				FA56BC591DFAF9B600294C20 /* Frameworks */,
				FA56BC5A1DFAF9B600294C20 /* Resources */,
			);
			buildRules = (
			);
			dependencies = (
			);
			name = ScratchCardImageView;
			productName = ScratchCardImageView;
			productReference = FA56BC5C1DFAF9B600294C20 /* ScratchCardImageView.app */;
			productType = "com.apple.product-type.application";
		};
/* End PBXNativeTarget section */

/* Begin PBXProject section */
		FA56BC541DFAF9B600294C20 /* Project object */ = {
			isa = PBXProject;
			attributes = {
				LastSwiftUpdateCheck = 0810;
				LastUpgradeCheck = 0810;
				ORGANIZATIONNAME = "Aleksandrs Proskurins";
				TargetAttributes = {
					FA56BC5B1DFAF9B600294C20 = {
						CreatedOnToolsVersion = 8.1;
						DevelopmentTeam = 65H57KS853;
						ProvisioningStyle = Automatic;
					};
				};
			};
			buildConfigurationList = FA56BC571DFAF9B600294C20 /* Build configuration list for PBXProject "ScratchCardImageView" */;
			compatibilityVersion = "Xcode 3.2";
			developmentRegion = English;
			hasScannedForEncodings = 0;
			knownRegions = (
				en,
				Base,
			);
			mainGroup = FA56BC531DFAF9B600294C20;
			productRefGroup = FA56BC5D1DFAF9B600294C20 /* Products */;
			projectDirPath = "";
			projectRoot = "";
			targets = (
				FA56BC5B1DFAF9B600294C20 /* ScratchCardImageView */,
			);
		};
/* End PBXProject section */

/* Begin PBXResourcesBuildPhase section */
		FA56BC5A1DFAF9B600294C20 /* Resources */ = {
			isa = PBXResourcesBuildPhase;
			buildActionMask = 2147483647;
			files = (
				FA56BC6A1DFAF9B600294C20 /* LaunchScreen.storyboard in Resources */,
				FA56BC671DFAF9B600294C20 /* Assets.xcassets in Resources */,
				FA56BC651DFAF9B600294C20 /* Main.storyboard in Resources */,
			);
			runOnlyForDeploymentPostprocessing = 0;
		};
/* End PBXResourcesBuildPhase section */

/* Begin PBXSourcesBuildPhase section */
		FA56BC581DFAF9B600294C20 /* Sources */ = {
			isa = PBXSourcesBuildPhase;
			buildActionMask = 2147483647;
			files = (
				FA56BC621DFAF9B600294C20 /* ViewController.swift in Sources */,
				FA64C3381DFB260F000B4A30 /* ScratchCardTouchContainer.swift in Sources */,
				FA56BC741DFAFB8F00294C20 /* ScratchCardImageView.swift in Sources */,
				FA64C33B1DFB2735000B4A30 /* ViewController0.swift in Sources */,
				FA56BC601DFAF9B600294C20 /* AppDelegate.swift in Sources */,
				FA56BC721DFAFB3D00294C20 /* UIImage+SolidColor.swift in Sources */,
			);
			runOnlyForDeploymentPostprocessing = 0;
		};
/* End PBXSourcesBuildPhase section */

/* Begin PBXVariantGroup section */
		FA56BC631DFAF9B600294C20 /* Main.storyboard */ = {
			isa = PBXVariantGroup;
			children = (
				FA56BC641DFAF9B600294C20 /* Base */,
			);
			name = Main.storyboard;
			sourceTree = "<group>";
		};
		FA56BC681DFAF9B600294C20 /* LaunchScreen.storyboard */ = {
			isa = PBXVariantGroup;
			children = (
				FA56BC691DFAF9B600294C20 /* Base */,
			);
			name = LaunchScreen.storyboard;
			sourceTree = "<group>";
		};
/* End PBXVariantGroup section */

/* Begin XCBuildConfiguration section */
		FA56BC6C1DFAF9B600294C20 /* Debug */ = {
			isa = XCBuildConfiguration;
			buildSettings = {
				ALWAYS_SEARCH_USER_PATHS = NO;
				CLANG_ANALYZER_NONNULL = YES;
				CLANG_CXX_LANGUAGE_STANDARD = "gnu++0x";
				CLANG_CXX_LIBRARY = "libc++";
				CLANG_ENABLE_MODULES = YES;
				CLANG_ENABLE_OBJC_ARC = YES;
				CLANG_WARN_BOOL_CONVERSION = YES;
				CLANG_WARN_CONSTANT_CONVERSION = YES;
				CLANG_WARN_DIRECT_OBJC_ISA_USAGE = YES_ERROR;
				CLANG_WARN_DOCUMENTATION_COMMENTS = YES;
				CLANG_WARN_EMPTY_BODY = YES;
				CLANG_WARN_ENUM_CONVERSION = YES;
				CLANG_WARN_INFINITE_RECURSION = YES;
				CLANG_WARN_INT_CONVERSION = YES;
				CLANG_WARN_OBJC_ROOT_CLASS = YES_ERROR;
				CLANG_WARN_SUSPICIOUS_MOVES = YES;
				CLANG_WARN_UNREACHABLE_CODE = YES;
				CLANG_WARN__DUPLICATE_METHOD_MATCH = YES;
				"CODE_SIGN_IDENTITY[sdk=iphoneos*]" = "iPhone Developer";
				COPY_PHASE_STRIP = NO;
				DEBUG_INFORMATION_FORMAT = dwarf;
				ENABLE_STRICT_OBJC_MSGSEND = YES;
				ENABLE_TESTABILITY = YES;
				GCC_C_LANGUAGE_STANDARD = gnu99;
				GCC_DYNAMIC_NO_PIC = NO;
				GCC_NO_COMMON_BLOCKS = YES;
				GCC_OPTIMIZATION_LEVEL = 0;
				GCC_PREPROCESSOR_DEFINITIONS = (
					"DEBUG=1",
					"$(inherited)",
				);
				GCC_WARN_64_TO_32_BIT_CONVERSION = YES;
				GCC_WARN_ABOUT_RETURN_TYPE = YES_ERROR;
				GCC_WARN_UNDECLARED_SELECTOR = YES;
				GCC_WARN_UNINITIALIZED_AUTOS = YES_AGGRESSIVE;
				GCC_WARN_UNUSED_FUNCTION = YES;
				GCC_WARN_UNUSED_VARIABLE = YES;
				IPHONEOS_DEPLOYMENT_TARGET = 10.1;
				MTL_ENABLE_DEBUG_INFO = YES;
				ONLY_ACTIVE_ARCH = YES;
				SDKROOT = iphoneos;
				SWIFT_ACTIVE_COMPILATION_CONDITIONS = DEBUG;
				SWIFT_OPTIMIZATION_LEVEL = "-Onone";
			};
			name = Debug;
		};
		FA56BC6D1DFAF9B600294C20 /* Release */ = {
			isa = XCBuildConfiguration;
			buildSettings = {
				ALWAYS_SEARCH_USER_PATHS = NO;
				CLANG_ANALYZER_NONNULL = YES;
				CLANG_CXX_LANGUAGE_STANDARD = "gnu++0x";
				CLANG_CXX_LIBRARY = "libc++";
				CLANG_ENABLE_MODULES = YES;
				CLANG_ENABLE_OBJC_ARC = YES;
				CLANG_WARN_BOOL_CONVERSION = YES;
				CLANG_WARN_CONSTANT_CONVERSION = YES;
				CLANG_WARN_DIRECT_OBJC_ISA_USAGE = YES_ERROR;
				CLANG_WARN_DOCUMENTATION_COMMENTS = YES;
				CLANG_WARN_EMPTY_BODY = YES;
				CLANG_WARN_ENUM_CONVERSION = YES;
				CLANG_WARN_INFINITE_RECURSION = YES;
				CLANG_WARN_INT_CONVERSION = YES;
				CLANG_WARN_OBJC_ROOT_CLASS = YES_ERROR;
				CLANG_WARN_SUSPICIOUS_MOVES = YES;
				CLANG_WARN_UNREACHABLE_CODE = YES;
				CLANG_WARN__DUPLICATE_METHOD_MATCH = YES;
				"CODE_SIGN_IDENTITY[sdk=iphoneos*]" = "iPhone Developer";
				COPY_PHASE_STRIP = NO;
				DEBUG_INFORMATION_FORMAT = "dwarf-with-dsym";
				ENABLE_NS_ASSERTIONS = NO;
				ENABLE_STRICT_OBJC_MSGSEND = YES;
				GCC_C_LANGUAGE_STANDARD = gnu99;
				GCC_NO_COMMON_BLOCKS = YES;
				GCC_WARN_64_TO_32_BIT_CONVERSION = YES;
				GCC_WARN_ABOUT_RETURN_TYPE = YES_ERROR;
				GCC_WARN_UNDECLARED_SELECTOR = YES;
				GCC_WARN_UNINITIALIZED_AUTOS = YES_AGGRESSIVE;
				GCC_WARN_UNUSED_FUNCTION = YES;
				GCC_WARN_UNUSED_VARIABLE = YES;
				IPHONEOS_DEPLOYMENT_TARGET = 10.1;
				MTL_ENABLE_DEBUG_INFO = NO;
				SDKROOT = iphoneos;
				SWIFT_OPTIMIZATION_LEVEL = "-Owholemodule";
				VALIDATE_PRODUCT = YES;
			};
			name = Release;
		};
		FA56BC6F1DFAF9B600294C20 /* Debug */ = {
			isa = XCBuildConfiguration;
			buildSettings = {
				ASSETCATALOG_COMPILER_APPICON_NAME = AppIcon;
				DEVELOPMENT_TEAM = 65H57KS853;
				INFOPLIST_FILE = ScratchCardImageView/Info.plist;
				LD_RUNPATH_SEARCH_PATHS = "$(inherited) @executable_path/Frameworks";
				PRODUCT_BUNDLE_IDENTIFIER = com.ScratchCardImageView;
				PRODUCT_NAME = "$(TARGET_NAME)";
				SWIFT_VERSION = 3.0;
			};
			name = Debug;
		};
		FA56BC701DFAF9B600294C20 /* Release */ = {
			isa = XCBuildConfiguration;
			buildSettings = {
				ASSETCATALOG_COMPILER_APPICON_NAME = AppIcon;
				DEVELOPMENT_TEAM = 65H57KS853;
				INFOPLIST_FILE = ScratchCardImageView/Info.plist;
				LD_RUNPATH_SEARCH_PATHS = "$(inherited) @executable_path/Frameworks";
				PRODUCT_BUNDLE_IDENTIFIER = com.ScratchCardImageView;
				PRODUCT_NAME = "$(TARGET_NAME)";
				SWIFT_VERSION = 3.0;
			};
			name = Release;
		};
/* End XCBuildConfiguration section */

/* Begin XCConfigurationList section */
		FA56BC571DFAF9B600294C20 /* Build configuration list for PBXProject "ScratchCardImageView" */ = {
			isa = XCConfigurationList;
			buildConfigurations = (
				FA56BC6C1DFAF9B600294C20 /* Debug */,
				FA56BC6D1DFAF9B600294C20 /* Release */,
			);
			defaultConfigurationIsVisible = 0;
			defaultConfigurationName = Release;
		};
		FA56BC6E1DFAF9B600294C20 /* Build configuration list for PBXNativeTarget "ScratchCardImageView" */ = {
			isa = XCConfigurationList;
			buildConfigurations = (
				FA56BC6F1DFAF9B600294C20 /* Debug */,
				FA56BC701DFAF9B600294C20 /* Release */,
			);
			defaultConfigurationIsVisible = 0;
			defaultConfigurationName = Release;
		};
/* End XCConfigurationList section */
	};
	rootObject = FA56BC541DFAF9B600294C20 /* Project object */;
}
